
Microsoft Visual Studio Solution File, Format Version 12.00
Project("{FAE04EC0-301F-11D3-BF4B-00C04F79EFBC}") = "GenerateDbScript", "GenerateDbScript\GenerateDbScript.csproj", "{A1EC7C23-1B71-47B3-B59E-3D919A4370A2}"
EndProject
Project("{FAE04EC0-301F-11D3-BF4B-00C04F79EFBC}") = "Data", "Data\Data.csproj", "{D5F964C8-7A0F-43A7-9DC4-94913B06E025}"
EndProject
Project("{FAE04EC0-301F-11D3-BF4B-00C04F79EFBC}") = "MultiContexts", "MultiContexts\MultiContexts.csproj", "{BD52DA11-E95E-4C65-B5E0-663D7A7F59F3}"
EndProject
Project("{FAE04EC0-301F-11D3-BF4B-00C04F79EFBC}") = "ConfigureConnectionString", "ConfigureConnectionString\ConfigureConnectionString.csproj", "{337943BD-1710-4EA7-BDAB-65A46A75B5BD}"
EndProject
Project("{FAE04EC0-301F-11D3-BF4B-00C04F79EFBC}") = "ShadowProperties", "ShadowProperties\ShadowProperties.csproj", "{34345335-05B3-4F02-8A47-3F3DD840EEE6}"
EndProject
Project("{FAE04EC0-301F-11D3-BF4B-00C04F79EFBC}") = "EntityConfiguration", "EntityConfiguration\EntityConfiguration.csproj", "{69178816-7E80-49C5-8020-F1E45E4CC8B4}"
EndProject
Project("{FAE04EC0-301F-11D3-BF4B-00C04F79EFBC}") = "Hierarchy", "Hierarchy\Hierarchy.csproj", "{219A6D6B-7C72-4B0E-8CEE-428D5F657D3A}"
EndProject
Project("{FAE04EC0-301F-11D3-BF4B-00C04F79EFBC}") = "BackingField", "BackingField\BackingField.csproj", "{EDB02094-1A1E-44A6-9052-51310E81D273}"
EndProject
Project("{FAE04EC0-301F-11D3-BF4B-00C04F79EFBC}") = "Conversion", "Conversion\Conversion.csproj", "{B144BC6E-3108-4DC5-93D7-C84F114D130D}"
EndProject
Project("{FAE04EC0-301F-11D3-BF4B-00C04F79EFBC}") = "DbFunctions", "DbFunctions\DbFunctions.csproj", "{F7E09353-DB9D-4548-9AFB-BBB315FC92A2}"
EndProject
Project("{FAE04EC0-301F-11D3-BF4B-00C04F79EFBC}") = "ConsoleLog", "ConsoleLog\ConsoleLog.csproj", "{428DF089-04C6-4F0B-BFD5-16207E862BE9}"
EndProject
Project("{FAE04EC0-301F-11D3-BF4B-00C04F79EFBC}") = "Filter", "Filter\Filter.csproj", "{25A278EB-2051-4258-B17E-C23B84A805B8}"
EndProject
Project("{FAE04EC0-301F-11D3-BF4B-00C04F79EFBC}") = "Migrate", "Migrate\Migrate.csproj", "{261031B7-A72D-4EBB-866B-134B056ACC7F}"
EndProject
Global
	GlobalSection(SolutionConfigurationPlatforms) = preSolution
		Debug|Any CPU = Debug|Any CPU
		Release|Any CPU = Release|Any CPU
	EndGlobalSection
	GlobalSection(ProjectConfigurationPlatforms) = postSolution
		{A1EC7C23-1B71-47B3-B59E-3D919A4370A2}.Debug|Any CPU.ActiveCfg = Debug|Any CPU
		{A1EC7C23-1B71-47B3-B59E-3D919A4370A2}.Debug|Any CPU.Build.0 = Debug|Any CPU
		{A1EC7C23-1B71-47B3-B59E-3D919A4370A2}.Release|Any CPU.ActiveCfg = Release|Any CPU
		{A1EC7C23-1B71-47B3-B59E-3D919A4370A2}.Release|Any CPU.Build.0 = Release|Any CPU
		{D5F964C8-7A0F-43A7-9DC4-94913B06E025}.Debug|Any CPU.ActiveCfg = Debug|Any CPU
		{D5F964C8-7A0F-43A7-9DC4-94913B06E025}.Debug|Any CPU.Build.0 = Debug|Any CPU
		{D5F964C8-7A0F-43A7-9DC4-94913B06E025}.Release|Any CPU.ActiveCfg = Release|Any CPU
		{D5F964C8-7A0F-43A7-9DC4-94913B06E025}.Release|Any CPU.Build.0 = Release|Any CPU
		{BD52DA11-E95E-4C65-B5E0-663D7A7F59F3}.Debug|Any CPU.ActiveCfg = Debug|Any CPU
		{BD52DA11-E95E-4C65-B5E0-663D7A7F59F3}.Debug|Any CPU.Build.0 = Debug|Any CPU
		{BD52DA11-E95E-4C65-B5E0-663D7A7F59F3}.Release|Any CPU.ActiveCfg = Release|Any CPU
		{BD52DA11-E95E-4C65-B5E0-663D7A7F59F3}.Release|Any CPU.Build.0 = Release|Any CPU
		{337943BD-1710-4EA7-BDAB-65A46A75B5BD}.Debug|Any CPU.ActiveCfg = Debug|Any CPU
		{337943BD-1710-4EA7-BDAB-65A46A75B5BD}.Debug|Any CPU.Build.0 = Debug|Any CPU
		{337943BD-1710-4EA7-BDAB-65A46A75B5BD}.Release|Any CPU.ActiveCfg = Release|Any CPU
		{337943BD-1710-4EA7-BDAB-65A46A75B5BD}.Release|Any CPU.Build.0 = Release|Any CPU
		{34345335-05B3-4F02-8A47-3F3DD840EEE6}.Debug|Any CPU.ActiveCfg = Debug|Any CPU
		{34345335-05B3-4F02-8A47-3F3DD840EEE6}.Debug|Any CPU.Build.0 = Debug|Any CPU
		{34345335-05B3-4F02-8A47-3F3DD840EEE6}.Release|Any CPU.ActiveCfg = Release|Any CPU
		{34345335-05B3-4F02-8A47-3F3DD840EEE6}.Release|Any CPU.Build.0 = Release|Any CPU
		{69178816-7E80-49C5-8020-F1E45E4CC8B4}.Debug|Any CPU.ActiveCfg = Debug|Any CPU
		{69178816-7E80-49C5-8020-F1E45E4CC8B4}.Debug|Any CPU.Build.0 = Debug|Any CPU
		{69178816-7E80-49C5-8020-F1E45E4CC8B4}.Release|Any CPU.ActiveCfg = Release|Any CPU
		{69178816-7E80-49C5-8020-F1E45E4CC8B4}.Release|Any CPU.Build.0 = Release|Any CPU
		{219A6D6B-7C72-4B0E-8CEE-428D5F657D3A}.Debug|Any CPU.ActiveCfg = Debug|Any CPU
		{219A6D6B-7C72-4B0E-8CEE-428D5F657D3A}.Debug|Any CPU.Build.0 = Debug|Any CPU
		{219A6D6B-7C72-4B0E-8CEE-428D5F657D3A}.Release|Any CPU.ActiveCfg = Release|Any CPU
		{219A6D6B-7C72-4B0E-8CEE-428D5F657D3A}.Release|Any CPU.Build.0 = Release|Any CPU
		{EDB02094-1A1E-44A6-9052-51310E81D273}.Debug|Any CPU.ActiveCfg = Debug|Any CPU
		{EDB02094-1A1E-44A6-9052-51310E81D273}.Debug|Any CPU.Build.0 = Debug|Any CPU
		{EDB02094-1A1E-44A6-9052-51310E81D273}.Release|Any CPU.ActiveCfg = Release|Any CPU
		{EDB02094-1A1E-44A6-9052-51310E81D273}.Release|Any CPU.Build.0 = Release|Any CPU
		{B144BC6E-3108-4DC5-93D7-C84F114D130D}.Debug|Any CPU.ActiveCfg = Debug|Any CPU
		{B144BC6E-3108-4DC5-93D7-C84F114D130D}.Debug|Any CPU.Build.0 = Debug|Any CPU
		{B144BC6E-3108-4DC5-93D7-C84F114D130D}.Release|Any CPU.ActiveCfg = Release|Any CPU
		{B144BC6E-3108-4DC5-93D7-C84F114D130D}.Release|Any CPU.Build.0 = Release|Any CPU
		{F7E09353-DB9D-4548-9AFB-BBB315FC92A2}.Debug|Any CPU.ActiveCfg = Debug|Any CPU
		{F7E09353-DB9D-4548-9AFB-BBB315FC92A2}.Debug|Any CPU.Build.0 = Debug|Any CPU
		{F7E09353-DB9D-4548-9AFB-BBB315FC92A2}.Release|Any CPU.ActiveCfg = Release|Any CPU
		{F7E09353-DB9D-4548-9AFB-BBB315FC92A2}.Release|Any CPU.Build.0 = Release|Any CPU
		{428DF089-04C6-4F0B-BFD5-16207E862BE9}.Debug|Any CPU.ActiveCfg = Debug|Any CPU
		{428DF089-04C6-4F0B-BFD5-16207E862BE9}.Debug|Any CPU.Build.0 = Debug|Any CPU
		{428DF089-04C6-4F0B-BFD5-16207E862BE9}.Release|Any CPU.ActiveCfg = Release|Any CPU
		{428DF089-04C6-4F0B-BFD5-16207E862BE9}.Release|Any CPU.Build.0 = Release|Any CPU
		{25A278EB-2051-4258-B17E-C23B84A805B8}.Debug|Any CPU.ActiveCfg = Debug|Any CPU
		{25A278EB-2051-4258-B17E-C23B84A805B8}.Debug|Any CPU.Build.0 = Debug|Any CPU
		{25A278EB-2051-4258-B17E-C23B84A805B8}.Release|Any CPU.ActiveCfg = Release|Any CPU
		{25A278EB-2051-4258-B17E-C23B84A805B8}.Release|Any CPU.Build.0 = Release|Any CPU
		{261031B7-A72D-4EBB-866B-134B056ACC7F}.Debug|Any CPU.ActiveCfg = Debug|Any CPU
		{261031B7-A72D-4EBB-866B-134B056ACC7F}.Debug|Any CPU.Build.0 = Debug|Any CPU
		{261031B7-A72D-4EBB-866B-134B056ACC7F}.Release|Any CPU.ActiveCfg = Release|Any CPU
		{261031B7-A72D-4EBB-866B-134B056ACC7F}.Release|Any CPU.Build.0 = Release|Any CPU
	EndGlobalSection
EndGlobal
